
Microsoft Visual Studio Solution File, Format Version 12.00
# Visual Studio 15
VisualStudioVersion = 15.0.28307.102
MinimumVisualStudioVersion = 10.0.40219.1
Project("{FAE04EC0-301F-11D3-BF4B-00C04F79EFBC}") = "DirectSQL", "DirectSQL\DirectSQL.csproj", "{A6636FD9-B9C3-44A0-A000-B49FB7161005}"
EndProject
Global
	GlobalSection(SolutionConfigurationPlatforms) = preSolution
		Debug|Any CPU = Debug|Any CPU
		Release|Any CPU = Release|Any CPU
	EndGlobalSection
	GlobalSection(ProjectConfigurationPlatforms) = postSolution
		{A6636FD9-B9C3-44A0-A000-B49FB7161005}.Debug|Any CPU.ActiveCfg = Debug|Any CPU
		{A6636FD9-B9C3-44A0-A000-B49FB7161005}.Debug|Any CPU.Build.0 = Debug|Any CPU
		{A6636FD9-B9C3-44A0-A000-B49FB7161005}.Release|Any CPU.ActiveCfg = Release|Any CPU
		{A6636FD9-B9C3-44A0-A000-B49FB7161005}.Release|Any CPU.Build.0 = Release|Any CPU
	EndGlobalSection
	GlobalSection(SolutionProperties) = preSolution
		HideSolutionNode = FALSE
	EndGlobalSection
	GlobalSection(ExtensibilityGlobals) = postSolution
		SolutionGuid = {42C6D19D-EC15-49ED-8EA5-64E277F88BED}
	EndGlobalSection
EndGlobal
